
Microsoft Visual Studio Solution File, Format Version 12.00
# Visual Studio Version 17
VisualStudioVersion = 17.8.34525.116
MinimumVisualStudioVersion = 10.0.40219.1
Project("{2150E333-8FDC-42A3-9474-1A3956D46DE8}") = "src", "src", "{49D2DC3A-A2BA-4269-ACBE-D8A968AD0EC1}"
EndProject
Project("{2150E333-8FDC-42A3-9474-1A3956D46DE8}") = "API", "API", "{12D9750B-3367-4833-BF47-37549889BFB1}"
EndProject
Project("{2150E333-8FDC-42A3-9474-1A3956D46DE8}") = "Core", "Core", "{F131B09F-1CE3-46C1-8D91-9410E7F8F673}"
EndProject
Project("{2150E333-8FDC-42A3-9474-1A3956D46DE8}") = "Infrastructure", "Infrastructure", "{AC204F7E-714B-4D5B-B9B5-4E1EAB3D9B49}"
EndProject
Project("{2150E333-8FDC-42A3-9474-1A3956D46DE8}") = "Common", "Common", "{34CDD823-6A31-49A8-A84A-580CF21DEEC1}"
EndProject
Project("{2150E333-8FDC-42A3-9474-1A3956D46DE8}") = "Test", "Test", "{E34156C3-A888-404F-8335-C1F1A4361E48}"
EndProject
Project("{2150E333-8FDC-42A3-9474-1A3956D46DE8}") = "ApiGateways", "ApiGateways", "{C13B07FC-E62A-4FC3-800D-F88A09CDA86A}"
EndProject
Project("{FAE04EC0-301F-11D3-BF4B-00C04F79EFBC}") = "MultiTenantService.Api", "src\MultiTenantService.Api\MultiTenantService.Api.csproj", "{B1811679-F516-4C3E-8C93-09B6677826CA}"
EndProject
Project("{FAE04EC0-301F-11D3-BF4B-00C04F79EFBC}") = "MultiTenantService.ApiGateways", "src\MultiTenantService.ApiGateways\MultiTenantService.ApiGateways.csproj", "{25526A99-D329-449D-8A28-4C08C2E07E9F}"
EndProject
Project("{FAE04EC0-301F-11D3-BF4B-00C04F79EFBC}") = "MultiTenantService.Common", "src\MultiTenantService.Common\MultiTenantService.Common.csproj", "{B1F539E1-4D5E-42B4-B89E-66E6D27E9C15}"
EndProject
Project("{FAE04EC0-301F-11D3-BF4B-00C04F79EFBC}") = "MultiTenantService.Application", "src\MultiTenantService.Application\MultiTenantService.Application.csproj", "{6F99E895-51D1-4931-8DCB-2444FC0E671A}"
EndProject
Project("{FAE04EC0-301F-11D3-BF4B-00C04F79EFBC}") = "MultiTenantService.Domain", "src\MultiTenantService.Domain\MultiTenantService.Domain.csproj", "{75946FB1-B7AF-4146-BB4E-845F15C62124}"
EndProject
Project("{FAE04EC0-301F-11D3-BF4B-00C04F79EFBC}") = "MultiTenantService.External", "src\MultiTenantService.External\MultiTenantService.External.csproj", "{0FA14D30-0DE3-41D6-915F-945E00215788}"
EndProject
Project("{FAE04EC0-301F-11D3-BF4B-00C04F79EFBC}") = "MultiTenantService.Persistence", "src\MultiTenantService.Persistence\MultiTenantService.Persistence.csproj", "{1283CEFC-2A6E-4636-A9DC-9E2A91703C62}"
EndProject
Global
	GlobalSection(SolutionConfigurationPlatforms) = preSolution
		Debug|Any CPU = Debug|Any CPU
		Release|Any CPU = Release|Any CPU
	EndGlobalSection
	GlobalSection(ProjectConfigurationPlatforms) = postSolution
		{B1811679-F516-4C3E-8C93-09B6677826CA}.Debug|Any CPU.ActiveCfg = Debug|Any CPU
		{B1811679-F516-4C3E-8C93-09B6677826CA}.Debug|Any CPU.Build.0 = Debug|Any CPU
		{B1811679-F516-4C3E-8C93-09B6677826CA}.Release|Any CPU.ActiveCfg = Release|Any CPU
		{B1811679-F516-4C3E-8C93-09B6677826CA}.Release|Any CPU.Build.0 = Release|Any CPU
		{25526A99-D329-449D-8A28-4C08C2E07E9F}.Debug|Any CPU.ActiveCfg = Debug|Any CPU
		{25526A99-D329-449D-8A28-4C08C2E07E9F}.Debug|Any CPU.Build.0 = Debug|Any CPU
		{25526A99-D329-449D-8A28-4C08C2E07E9F}.Release|Any CPU.ActiveCfg = Release|Any CPU
		{25526A99-D329-449D-8A28-4C08C2E07E9F}.Release|Any CPU.Build.0 = Release|Any CPU
		{B1F539E1-4D5E-42B4-B89E-66E6D27E9C15}.Debug|Any CPU.ActiveCfg = Debug|Any CPU
		{B1F539E1-4D5E-42B4-B89E-66E6D27E9C15}.Debug|Any CPU.Build.0 = Debug|Any CPU
		{B1F539E1-4D5E-42B4-B89E-66E6D27E9C15}.Release|Any CPU.ActiveCfg = Release|Any CPU
		{B1F539E1-4D5E-42B4-B89E-66E6D27E9C15}.Release|Any CPU.Build.0 = Release|Any CPU
		{6F99E895-51D1-4931-8DCB-2444FC0E671A}.Debug|Any CPU.ActiveCfg = Debug|Any CPU
		{6F99E895-51D1-4931-8DCB-2444FC0E671A}.Debug|Any CPU.Build.0 = Debug|Any CPU
		{6F99E895-51D1-4931-8DCB-2444FC0E671A}.Release|Any CPU.ActiveCfg = Release|Any CPU
		{6F99E895-51D1-4931-8DCB-2444FC0E671A}.Release|Any CPU.Build.0 = Release|Any CPU
		{75946FB1-B7AF-4146-BB4E-845F15C62124}.Debug|Any CPU.ActiveCfg = Debug|Any CPU
		{75946FB1-B7AF-4146-BB4E-845F15C62124}.Debug|Any CPU.Build.0 = Debug|Any CPU
		{75946FB1-B7AF-4146-BB4E-845F15C62124}.Release|Any CPU.ActiveCfg = Release|Any CPU
		{75946FB1-B7AF-4146-BB4E-845F15C62124}.Release|Any CPU.Build.0 = Release|Any CPU
		{0FA14D30-0DE3-41D6-915F-945E00215788}.Debug|Any CPU.ActiveCfg = Debug|Any CPU
		{0FA14D30-0DE3-41D6-915F-945E00215788}.Debug|Any CPU.Build.0 = Debug|Any CPU
		{0FA14D30-0DE3-41D6-915F-945E00215788}.Release|Any CPU.ActiveCfg = Release|Any CPU
		{0FA14D30-0DE3-41D6-915F-945E00215788}.Release|Any CPU.Build.0 = Release|Any CPU
		{1283CEFC-2A6E-4636-A9DC-9E2A91703C62}.Debug|Any CPU.ActiveCfg = Debug|Any CPU
		{1283CEFC-2A6E-4636-A9DC-9E2A91703C62}.Debug|Any CPU.Build.0 = Debug|Any CPU
		{1283CEFC-2A6E-4636-A9DC-9E2A91703C62}.Release|Any CPU.ActiveCfg = Release|Any CPU
		{1283CEFC-2A6E-4636-A9DC-9E2A91703C62}.Release|Any CPU.Build.0 = Release|Any CPU
	EndGlobalSection
	GlobalSection(SolutionProperties) = preSolution
		HideSolutionNode = FALSE
	EndGlobalSection
	GlobalSection(NestedProjects) = preSolution
		{12D9750B-3367-4833-BF47-37549889BFB1} = {49D2DC3A-A2BA-4269-ACBE-D8A968AD0EC1}
		{F131B09F-1CE3-46C1-8D91-9410E7F8F673} = {49D2DC3A-A2BA-4269-ACBE-D8A968AD0EC1}
		{AC204F7E-714B-4D5B-B9B5-4E1EAB3D9B49} = {49D2DC3A-A2BA-4269-ACBE-D8A968AD0EC1}
		{34CDD823-6A31-49A8-A84A-580CF21DEEC1} = {49D2DC3A-A2BA-4269-ACBE-D8A968AD0EC1}
		{E34156C3-A888-404F-8335-C1F1A4361E48} = {49D2DC3A-A2BA-4269-ACBE-D8A968AD0EC1}
		{C13B07FC-E62A-4FC3-800D-F88A09CDA86A} = {49D2DC3A-A2BA-4269-ACBE-D8A968AD0EC1}
		{B1811679-F516-4C3E-8C93-09B6677826CA} = {12D9750B-3367-4833-BF47-37549889BFB1}
		{25526A99-D329-449D-8A28-4C08C2E07E9F} = {C13B07FC-E62A-4FC3-800D-F88A09CDA86A}
		{B1F539E1-4D5E-42B4-B89E-66E6D27E9C15} = {34CDD823-6A31-49A8-A84A-580CF21DEEC1}
		{6F99E895-51D1-4931-8DCB-2444FC0E671A} = {F131B09F-1CE3-46C1-8D91-9410E7F8F673}
		{75946FB1-B7AF-4146-BB4E-845F15C62124} = {F131B09F-1CE3-46C1-8D91-9410E7F8F673}
		{0FA14D30-0DE3-41D6-915F-945E00215788} = {AC204F7E-714B-4D5B-B9B5-4E1EAB3D9B49}
		{1283CEFC-2A6E-4636-A9DC-9E2A91703C62} = {AC204F7E-714B-4D5B-B9B5-4E1EAB3D9B49}
	EndGlobalSection
	GlobalSection(ExtensibilityGlobals) = postSolution
		SolutionGuid = {77498B0A-639C-44A9-B769-DA9A78BFB3FF}
	EndGlobalSection
EndGlobal
